// !$*UTF8*$!
{
	archiveVersion = 1;
	classes = {
	};
	objectVersion = 50;
	objects = {

/* Begin PBXBuildFile section */
		4C290D3625680AFC00E2EDE7 /* AppDelegate.swift in Sources */ = {isa = PBXBuildFile; fileRef = 4C290D3525680AFC00E2EDE7 /* AppDelegate.swift */; };
		4C290D3825680AFC00E2EDE7 /* SceneDelegate.swift in Sources */ = {isa = PBXBuildFile; fileRef = 4C290D3725680AFC00E2EDE7 /* SceneDelegate.swift */; };
		4C290D3A25680AFC00E2EDE7 /* ViewController.swift in Sources */ = {isa = PBXBuildFile; fileRef = 4C290D3925680AFC00E2EDE7 /* ViewController.swift */; };
		4C290D3D25680AFC00E2EDE7 /* Main.storyboard in Resources */ = {isa = PBXBuildFile; fileRef = 4C290D3B25680AFC00E2EDE7 /* Main.storyboard */; };
		4C290D3F25680AFC00E2EDE7 /* Assets.xcassets in Resources */ = {isa = PBXBuildFile; fileRef = 4C290D3E25680AFC00E2EDE7 /* Assets.xcassets */; };
		4C290D4225680AFC00E2EDE7 /* LaunchScreen.storyboard in Resources */ = {isa = PBXBuildFile; fileRef = 4C290D4025680AFC00E2EDE7 /* LaunchScreen.storyboard */; };
		4C290D4D25680AFD00E2EDE7 /* UpDownGameTests.swift in Sources */ = {isa = PBXBuildFile; fileRef = 4C290D4C25680AFD00E2EDE7 /* UpDownGameTests.swift */; };
		4C290D5825680AFD00E2EDE7 /* UpDownGameUITests.swift in Sources */ = {isa = PBXBuildFile; fileRef = 4C290D5725680AFD00E2EDE7 /* UpDownGameUITests.swift */; };
/* End PBXBuildFile section */

/* Begin PBXContainerItemProxy section */
		4C290D4925680AFD00E2EDE7 /* PBXContainerItemProxy */ = {
			isa = PBXContainerItemProxy;
			containerPortal = 4C290D2A25680AFC00E2EDE7 /* Project object */;
			proxyType = 1;
			remoteGlobalIDString = 4C290D3125680AFC00E2EDE7;
			remoteInfo = UpDownGame;
		};
		4C290D5425680AFD00E2EDE7 /* PBXContainerItemProxy */ = {
			isa = PBXContainerItemProxy;
			containerPortal = 4C290D2A25680AFC00E2EDE7 /* Project object */;
			proxyType = 1;
			remoteGlobalIDString = 4C290D3125680AFC00E2EDE7;
			remoteInfo = UpDownGame;
		};
/* End PBXContainerItemProxy section */

/* Begin PBXFileReference section */
		4C290D3225680AFC00E2EDE7 /* UpDownGame.app */ = {isa = PBXFileReference; explicitFileType = wrapper.application; includeInIndex = 0; path = UpDownGame.app; sourceTree = BUILT_PRODUCTS_DIR; };
		4C290D3525680AFC00E2EDE7 /* AppDelegate.swift */ = {isa = PBXFileReference; lastKnownFileType = sourcecode.swift; path = AppDelegate.swift; sourceTree = "<group>"; };
		4C290D3725680AFC00E2EDE7 /* SceneDelegate.swift */ = {isa = PBXFileReference; lastKnownFileType = sourcecode.swift; path = SceneDelegate.swift; sourceTree = "<group>"; };
		4C290D3925680AFC00E2EDE7 /* ViewController.swift */ = {isa = PBXFileReference; lastKnownFileType = sourcecode.swift; path = ViewController.swift; sourceTree = "<group>"; };
		4C290D3C25680AFC00E2EDE7 /* Base */ = {isa = PBXFileReference; lastKnownFileType = file.storyboard; name = Base; path = Base.lproj/Main.storyboard; sourceTree = "<group>"; };
		4C290D3E25680AFC00E2EDE7 /* Assets.xcassets */ = {isa = PBXFileReference; lastKnownFileType = folder.assetcatalog; path = Assets.xcassets; sourceTree = "<group>"; };
		4C290D4125680AFC00E2EDE7 /* Base */ = {isa = PBXFileReference; lastKnownFileType = file.storyboard; name = Base; path = Base.lproj/LaunchScreen.storyboard; sourceTree = "<group>"; };
		4C290D4325680AFC00E2EDE7 /* Info.plist */ = {isa = PBXFileReference; lastKnownFileType = text.plist.xml; path = Info.plist; sourceTree = "<group>"; };
		4C290D4825680AFD00E2EDE7 /* UpDownGameTests.xctest */ = {isa = PBXFileReference; explicitFileType = wrapper.cfbundle; includeInIndex = 0; path = UpDownGameTests.xctest; sourceTree = BUILT_PRODUCTS_DIR; };
		4C290D4C25680AFD00E2EDE7 /* UpDownGameTests.swift */ = {isa = PBXFileReference; lastKnownFileType = sourcecode.swift; path = UpDownGameTests.swift; sourceTree = "<group>"; };
		4C290D4E25680AFD00E2EDE7 /* Info.plist */ = {isa = PBXFileReference; lastKnownFileType = text.plist.xml; path = Info.plist; sourceTree = "<group>"; };
		4C290D5325680AFD00E2EDE7 /* UpDownGameUITests.xctest */ = {isa = PBXFileReference; explicitFileType = wrapper.cfbundle; includeInIndex = 0; path = UpDownGameUITests.xctest; sourceTree = BUILT_PRODUCTS_DIR; };
		4C290D5725680AFD00E2EDE7 /* UpDownGameUITests.swift */ = {isa = PBXFileReference; lastKnownFileType = sourcecode.swift; path = UpDownGameUITests.swift; sourceTree = "<group>"; };
		4C290D5925680AFD00E2EDE7 /* Info.plist */ = {isa = PBXFileReference; lastKnownFileType = text.plist.xml; path = Info.plist; sourceTree = "<group>"; };
/* End PBXFileReference section */

/* Begin PBXFrameworksBuildPhase section */
		4C290D2F25680AFC00E2EDE7 /* Frameworks */ = {
			isa = PBXFrameworksBuildPhase;
			buildActionMask = 2147483647;
			files = (
			);
			runOnlyForDeploymentPostprocessing = 0;
		};
		4C290D4525680AFD00E2EDE7 /* Frameworks */ = {
			isa = PBXFrameworksBuildPhase;
			buildActionMask = 2147483647;
			files = (
			);
			runOnlyForDeploymentPostprocessing = 0;
		};
		4C290D5025680AFD00E2EDE7 /* Frameworks */ = {
			isa = PBXFrameworksBuildPhase;
			buildActionMask = 2147483647;
			files = (
			);
			runOnlyForDeploymentPostprocessing = 0;
		};
/* End PBXFrameworksBuildPhase section */

/* Begin PBXGroup section */
		4C290D2925680AFC00E2EDE7 = {
			isa = PBXGroup;
			children = (
				4C290D3425680AFC00E2EDE7 /* UpDownGame */,
				4C290D4B25680AFD00E2EDE7 /* UpDownGameTests */,
				4C290D5625680AFD00E2EDE7 /* UpDownGameUITests */,
				4C290D3325680AFC00E2EDE7 /* Products */,
			);
			sourceTree = "<group>";
		};
		4C290D3325680AFC00E2EDE7 /* Products */ = {
			isa = PBXGroup;
			children = (
				4C290D3225680AFC00E2EDE7 /* UpDownGame.app */,
				4C290D4825680AFD00E2EDE7 /* UpDownGameTests.xctest */,
				4C290D5325680AFD00E2EDE7 /* UpDownGameUITests.xctest */,
			);
			name = Products;
			sourceTree = "<group>";
		};
		4C290D3425680AFC00E2EDE7 /* UpDownGame */ = {
			isa = PBXGroup;
			children = (
				4C290D3525680AFC00E2EDE7 /* AppDelegate.swift */,
				4C290D3725680AFC00E2EDE7 /* SceneDelegate.swift */,
				4C290D3925680AFC00E2EDE7 /* ViewController.swift */,
				4C290D3B25680AFC00E2EDE7 /* Main.storyboard */,
				4C290D3E25680AFC00E2EDE7 /* Assets.xcassets */,
				4C290D4025680AFC00E2EDE7 /* LaunchScreen.storyboard */,
				4C290D4325680AFC00E2EDE7 /* Info.plist */,
			);
			path = UpDownGame;
			sourceTree = "<group>";
		};
		4C290D4B25680AFD00E2EDE7 /* UpDownGameTests */ = {
			isa = PBXGroup;
			children = (
				4C290D4C25680AFD00E2EDE7 /* UpDownGameTests.swift */,
				4C290D4E25680AFD00E2EDE7 /* Info.plist */,
			);
			path = UpDownGameTests;
			sourceTree = "<group>";
		};
		4C290D5625680AFD00E2EDE7 /* UpDownGameUITests */ = {
			isa = PBXGroup;
			children = (
				4C290D5725680AFD00E2EDE7 /* UpDownGameUITests.swift */,
				4C290D5925680AFD00E2EDE7 /* Info.plist */,
			);
			path = UpDownGameUITests;
			sourceTree = "<group>";
		};
/* End PBXGroup section */

/* Begin PBXNativeTarget section */
		4C290D3125680AFC00E2EDE7 /* UpDownGame */ = {
			isa = PBXNativeTarget;
			buildConfigurationList = 4C290D5C25680AFD00E2EDE7 /* Build configuration list for PBXNativeTarget "UpDownGame" */;
			buildPhases = (
				4C290D2E25680AFC00E2EDE7 /* Sources */,
				4C290D2F25680AFC00E2EDE7 /* Frameworks */,
				4C290D3025680AFC00E2EDE7 /* Resources */,
			);
			buildRules = (
			);
			dependencies = (
			);
			name = UpDownGame;
			productName = UpDownGame;
			productReference = 4C290D3225680AFC00E2EDE7 /* UpDownGame.app */;
			productType = "com.apple.product-type.application";
		};
		4C290D4725680AFD00E2EDE7 /* UpDownGameTests */ = {
			isa = PBXNativeTarget;
			buildConfigurationList = 4C290D5F25680AFD00E2EDE7 /* Build configuration list for PBXNativeTarget "UpDownGameTests" */;
			buildPhases = (
				4C290D4425680AFD00E2EDE7 /* Sources */,
				4C290D4525680AFD00E2EDE7 /* Frameworks */,
				4C290D4625680AFD00E2EDE7 /* Resources */,
			);
			buildRules = (
			);
			dependencies = (
				4C290D4A25680AFD00E2EDE7 /* PBXTargetDependency */,
			);
			name = UpDownGameTests;
			productName = UpDownGameTests;
			productReference = 4C290D4825680AFD00E2EDE7 /* UpDownGameTests.xctest */;
			productType = "com.apple.product-type.bundle.unit-test";
		};
		4C290D5225680AFD00E2EDE7 /* UpDownGameUITests */ = {
			isa = PBXNativeTarget;
			buildConfigurationList = 4C290D6225680AFD00E2EDE7 /* Build configuration list for PBXNativeTarget "UpDownGameUITests" */;
			buildPhases = (
				4C290D4F25680AFD00E2EDE7 /* Sources */,
				4C290D5025680AFD00E2EDE7 /* Frameworks */,
				4C290D5125680AFD00E2EDE7 /* Resources */,
			);
			buildRules = (
			);
			dependencies = (
				4C290D5525680AFD00E2EDE7 /* PBXTargetDependency */,
			);
			name = UpDownGameUITests;
			productName = UpDownGameUITests;
			productReference = 4C290D5325680AFD00E2EDE7 /* UpDownGameUITests.xctest */;
			productType = "com.apple.product-type.bundle.ui-testing";
		};
/* End PBXNativeTarget section */

/* Begin PBXProject section */
		4C290D2A25680AFC00E2EDE7 /* Project object */ = {
			isa = PBXProject;
			attributes = {
				LastSwiftUpdateCheck = 1220;
				LastUpgradeCheck = 1220;
				TargetAttributes = {
					4C290D3125680AFC00E2EDE7 = {
						CreatedOnToolsVersion = 12.2;
					};
					4C290D4725680AFD00E2EDE7 = {
						CreatedOnToolsVersion = 12.2;
						TestTargetID = 4C290D3125680AFC00E2EDE7;
					};
					4C290D5225680AFD00E2EDE7 = {
						CreatedOnToolsVersion = 12.2;
						TestTargetID = 4C290D3125680AFC00E2EDE7;
					};
				};
			};
			buildConfigurationList = 4C290D2D25680AFC00E2EDE7 /* Build configuration list for PBXProject "UpDownGame" */;
			compatibilityVersion = "Xcode 9.3";
			developmentRegion = en;
			hasScannedForEncodings = 0;
			knownRegions = (
				en,
				Base,
			);
			mainGroup = 4C290D2925680AFC00E2EDE7;
			productRefGroup = 4C290D3325680AFC00E2EDE7 /* Products */;
			projectDirPath = "";
			projectRoot = "";
			targets = (
				4C290D3125680AFC00E2EDE7 /* UpDownGame */,
				4C290D4725680AFD00E2EDE7 /* UpDownGameTests */,
				4C290D5225680AFD00E2EDE7 /* UpDownGameUITests */,
			);
		};
/* End PBXProject section */

/* Begin PBXResourcesBuildPhase section */
		4C290D3025680AFC00E2EDE7 /* Resources */ = {
			isa = PBXResourcesBuildPhase;
			buildActionMask = 2147483647;
			files = (
				4C290D4225680AFC00E2EDE7 /* LaunchScreen.storyboard in Resources */,
				4C290D3F25680AFC00E2EDE7 /* Assets.xcassets in Resources */,
				4C290D3D25680AFC00E2EDE7 /* Main.storyboard in Resources */,
			);
			runOnlyForDeploymentPostprocessing = 0;
		};
		4C290D4625680AFD00E2EDE7 /* Resources */ = {
			isa = PBXResourcesBuildPhase;
			buildActionMask = 2147483647;
			files = (
			);
			runOnlyForDeploymentPostprocessing = 0;
		};
		4C290D5125680AFD00E2EDE7 /* Resources */ = {
			isa = PBXResourcesBuildPhase;
			buildActionMask = 2147483647;
			files = (
			);
			runOnlyForDeploymentPostprocessing = 0;
		};
/* End PBXResourcesBuildPhase section */

/* Begin PBXSourcesBuildPhase section */
		4C290D2E25680AFC00E2EDE7 /* Sources */ = {
			isa = PBXSourcesBuildPhase;
			buildActionMask = 2147483647;
			files = (
				4C290D3A25680AFC00E2EDE7 /* ViewController.swift in Sources */,
				4C290D3625680AFC00E2EDE7 /* AppDelegate.swift in Sources */,
				4C290D3825680AFC00E2EDE7 /* SceneDelegate.swift in Sources */,
			);
			runOnlyForDeploymentPostprocessing = 0;
		};
		4C290D4425680AFD00E2EDE7 /* Sources */ = {
			isa = PBXSourcesBuildPhase;
			buildActionMask = 2147483647;
			files = (
				4C290D4D25680AFD00E2EDE7 /* UpDownGameTests.swift in Sources */,
			);
			runOnlyForDeploymentPostprocessing = 0;
		};
		4C290D4F25680AFD00E2EDE7 /* Sources */ = {
			isa = PBXSourcesBuildPhase;
			buildActionMask = 2147483647;
			files = (
				4C290D5825680AFD00E2EDE7 /* UpDownGameUITests.swift in Sources */,
			);
			runOnlyForDeploymentPostprocessing = 0;
		};
/* End PBXSourcesBuildPhase section */

/* Begin PBXTargetDependency section */
		4C290D4A25680AFD00E2EDE7 /* PBXTargetDependency */ = {
			isa = PBXTargetDependency;
			target = 4C290D3125680AFC00E2EDE7 /* UpDownGame */;
			targetProxy = 4C290D4925680AFD00E2EDE7 /* PBXContainerItemProxy */;
		};
		4C290D5525680AFD00E2EDE7 /* PBXTargetDependency */ = {
			isa = PBXTargetDependency;
			target = 4C290D3125680AFC00E2EDE7 /* UpDownGame */;
			targetProxy = 4C290D5425680AFD00E2EDE7 /* PBXContainerItemProxy */;
		};
/* End PBXTargetDependency section */

/* Begin PBXVariantGroup section */
		4C290D3B25680AFC00E2EDE7 /* Main.storyboard */ = {
			isa = PBXVariantGroup;
			children = (
				4C290D3C25680AFC00E2EDE7 /* Base */,
			);
			name = Main.storyboard;
			sourceTree = "<group>";
		};
		4C290D4025680AFC00E2EDE7 /* LaunchScreen.storyboard */ = {
			isa = PBXVariantGroup;
			children = (
				4C290D4125680AFC00E2EDE7 /* Base */,
			);
			name = LaunchScreen.storyboard;
			sourceTree = "<group>";
		};
/* End PBXVariantGroup section */

/* Begin XCBuildConfiguration section */
		4C290D5A25680AFD00E2EDE7 /* Debug */ = {
			isa = XCBuildConfiguration;
			buildSettings = {
				ALWAYS_SEARCH_USER_PATHS = NO;
				CLANG_ANALYZER_NONNULL = YES;
				CLANG_ANALYZER_NUMBER_OBJECT_CONVERSION = YES_AGGRESSIVE;
				CLANG_CXX_LANGUAGE_STANDARD = "gnu++14";
				CLANG_CXX_LIBRARY = "libc++";
				CLANG_ENABLE_MODULES = YES;
				CLANG_ENABLE_OBJC_ARC = YES;
				CLANG_ENABLE_OBJC_WEAK = YES;
				CLANG_WARN_BLOCK_CAPTURE_AUTORELEASING = YES;
				CLANG_WARN_BOOL_CONVERSION = YES;
				CLANG_WARN_COMMA = YES;
				CLANG_WARN_CONSTANT_CONVERSION = YES;
				CLANG_WARN_DEPRECATED_OBJC_IMPLEMENTATIONS = YES;
				CLANG_WARN_DIRECT_OBJC_ISA_USAGE = YES_ERROR;
				CLANG_WARN_DOCUMENTATION_COMMENTS = YES;
				CLANG_WARN_EMPTY_BODY = YES;
				CLANG_WARN_ENUM_CONVERSION = YES;
				CLANG_WARN_INFINITE_RECURSION = YES;
				CLANG_WARN_INT_CONVERSION = YES;
				CLANG_WARN_NON_LITERAL_NULL_CONVERSION = YES;
				CLANG_WARN_OBJC_IMPLICIT_RETAIN_SELF = YES;
				CLANG_WARN_OBJC_LITERAL_CONVERSION = YES;
				CLANG_WARN_OBJC_ROOT_CLASS = YES_ERROR;
				CLANG_WARN_QUOTED_INCLUDE_IN_FRAMEWORK_HEADER = YES;
				CLANG_WARN_RANGE_LOOP_ANALYSIS = YES;
				CLANG_WARN_STRICT_PROTOTYPES = YES;
				CLANG_WARN_SUSPICIOUS_MOVE = YES;
				CLANG_WARN_UNGUARDED_AVAILABILITY = YES_AGGRESSIVE;
				CLANG_WARN_UNREACHABLE_CODE = YES;
				CLANG_WARN__DUPLICATE_METHOD_MATCH = YES;
				COPY_PHASE_STRIP = NO;
				DEBUG_INFORMATION_FORMAT = dwarf;
				ENABLE_STRICT_OBJC_MSGSEND = YES;
				ENABLE_TESTABILITY = YES;
				GCC_C_LANGUAGE_STANDARD = gnu11;
				GCC_DYNAMIC_NO_PIC = NO;
				GCC_NO_COMMON_BLOCKS = YES;
				GCC_OPTIMIZATION_LEVEL = 0;
				GCC_PREPROCESSOR_DEFINITIONS = (
					"DEBUG=1",
					"$(inherited)",
				);
				GCC_WARN_64_TO_32_BIT_CONVERSION = YES;
				GCC_WARN_ABOUT_RETURN_TYPE = YES_ERROR;
				GCC_WARN_UNDECLARED_SELECTOR = YES;
				GCC_WARN_UNINITIALIZED_AUTOS = YES_AGGRESSIVE;
				GCC_WARN_UNUSED_FUNCTION = YES;
				GCC_WARN_UNUSED_VARIABLE = YES;
				IPHONEOS_DEPLOYMENT_TARGET = 14.2;
				MTL_ENABLE_DEBUG_INFO = INCLUDE_SOURCE;
				MTL_FAST_MATH = YES;
				ONLY_ACTIVE_ARCH = YES;
				SDKROOT = iphoneos;
				SWIFT_ACTIVE_COMPILATION_CONDITIONS = DEBUG;
				SWIFT_OPTIMIZATION_LEVEL = "-Onone";
			};
			name = Debug;
		};
		4C290D5B25680AFD00E2EDE7 /* Release */ = {
			isa = XCBuildConfiguration;
			buildSettings = {
				ALWAYS_SEARCH_USER_PATHS = NO;
				CLANG_ANALYZER_NONNULL = YES;
				CLANG_ANALYZER_NUMBER_OBJECT_CONVERSION = YES_AGGRESSIVE;
				CLANG_CXX_LANGUAGE_STANDARD = "gnu++14";
				CLANG_CXX_LIBRARY = "libc++";
				CLANG_ENABLE_MODULES = YES;
				CLANG_ENABLE_OBJC_ARC = YES;
				CLANG_ENABLE_OBJC_WEAK = YES;
				CLANG_WARN_BLOCK_CAPTURE_AUTORELEASING = YES;
				CLANG_WARN_BOOL_CONVERSION = YES;
				CLANG_WARN_COMMA = YES;
				CLANG_WARN_CONSTANT_CONVERSION = YES;
				CLANG_WARN_DEPRECATED_OBJC_IMPLEMENTATIONS = YES;
				CLANG_WARN_DIRECT_OBJC_ISA_USAGE = YES_ERROR;
				CLANG_WARN_DOCUMENTATION_COMMENTS = YES;
				CLANG_WARN_EMPTY_BODY = YES;
				CLANG_WARN_ENUM_CONVERSION = YES;
				CLANG_WARN_INFINITE_RECURSION = YES;
				CLANG_WARN_INT_CONVERSION = YES;
				CLANG_WARN_NON_LITERAL_NULL_CONVERSION = YES;
				CLANG_WARN_OBJC_IMPLICIT_RETAIN_SELF = YES;
				CLANG_WARN_OBJC_LITERAL_CONVERSION = YES;
				CLANG_WARN_OBJC_ROOT_CLASS = YES_ERROR;
				CLANG_WARN_QUOTED_INCLUDE_IN_FRAMEWORK_HEADER = YES;
				CLANG_WARN_RANGE_LOOP_ANALYSIS = YES;
				CLANG_WARN_STRICT_PROTOTYPES = YES;
				CLANG_WARN_SUSPICIOUS_MOVE = YES;
				CLANG_WARN_UNGUARDED_AVAILABILITY = YES_AGGRESSIVE;
				CLANG_WARN_UNREACHABLE_CODE = YES;
				CLANG_WARN__DUPLICATE_METHOD_MATCH = YES;
				COPY_PHASE_STRIP = NO;
				DEBUG_INFORMATION_FORMAT = "dwarf-with-dsym";
				ENABLE_NS_ASSERTIONS = NO;
				ENABLE_STRICT_OBJC_MSGSEND = YES;
				GCC_C_LANGUAGE_STANDARD = gnu11;
				GCC_NO_COMMON_BLOCKS = YES;
				GCC_WARN_64_TO_32_BIT_CONVERSION = YES;
				GCC_WARN_ABOUT_RETURN_TYPE = YES_ERROR;
				GCC_WARN_UNDECLARED_SELECTOR = YES;
				GCC_WARN_UNINITIALIZED_AUTOS = YES_AGGRESSIVE;
				GCC_WARN_UNUSED_FUNCTION = YES;
				GCC_WARN_UNUSED_VARIABLE = YES;
				IPHONEOS_DEPLOYMENT_TARGET = 14.2;
				MTL_ENABLE_DEBUG_INFO = NO;
				MTL_FAST_MATH = YES;
				SDKROOT = iphoneos;
				SWIFT_COMPILATION_MODE = wholemodule;
				SWIFT_OPTIMIZATION_LEVEL = "-O";
				VALIDATE_PRODUCT = YES;
			};
			name = Release;
		};
		4C290D5D25680AFD00E2EDE7 /* Debug */ = {
			isa = XCBuildConfiguration;
			buildSettings = {
				ASSETCATALOG_COMPILER_APPICON_NAME = AppIcon;
				ASSETCATALOG_COMPILER_GLOBAL_ACCENT_COLOR_NAME = AccentColor;
				CODE_SIGN_STYLE = Automatic;
				INFOPLIST_FILE = UpDownGame/Info.plist;
				LD_RUNPATH_SEARCH_PATHS = (
					"$(inherited)",
					"@executable_path/Frameworks",
				);
				PRODUCT_BUNDLE_IDENTIFIER = llim.UpDownGame;
				PRODUCT_NAME = "$(TARGET_NAME)";
				SWIFT_VERSION = 5.0;
				TARGETED_DEVICE_FAMILY = "1,2";
			};
			name = Debug;
		};
		4C290D5E25680AFD00E2EDE7 /* Release */ = {
			isa = XCBuildConfiguration;
			buildSettings = {
				ASSETCATALOG_COMPILER_APPICON_NAME = AppIcon;
				ASSETCATALOG_COMPILER_GLOBAL_ACCENT_COLOR_NAME = AccentColor;
				CODE_SIGN_STYLE = Automatic;
				INFOPLIST_FILE = UpDownGame/Info.plist;
				LD_RUNPATH_SEARCH_PATHS = (
					"$(inherited)",
					"@executable_path/Frameworks",
				);
				PRODUCT_BUNDLE_IDENTIFIER = llim.UpDownGame;
				PRODUCT_NAME = "$(TARGET_NAME)";
				SWIFT_VERSION = 5.0;
				TARGETED_DEVICE_FAMILY = "1,2";
			};
			name = Release;
		};
		4C290D6025680AFD00E2EDE7 /* Debug */ = {
			isa = XCBuildConfiguration;
			buildSettings = {
				ALWAYS_EMBED_SWIFT_STANDARD_LIBRARIES = YES;
				BUNDLE_LOADER = "$(TEST_HOST)";
				CODE_SIGN_STYLE = Automatic;
				INFOPLIST_FILE = UpDownGameTests/Info.plist;
				IPHONEOS_DEPLOYMENT_TARGET = 14.2;
				LD_RUNPATH_SEARCH_PATHS = (
					"$(inherited)",
					"@executable_path/Frameworks",
					"@loader_path/Frameworks",
				);
				PRODUCT_BUNDLE_IDENTIFIER = llim.UpDownGameTests;
				PRODUCT_NAME = "$(TARGET_NAME)";
				SWIFT_VERSION = 5.0;
				TARGETED_DEVICE_FAMILY = "1,2";
				TEST_HOST = "$(BUILT_PRODUCTS_DIR)/UpDownGame.app/UpDownGame";
			};
			name = Debug;
		};
		4C290D6125680AFD00E2EDE7 /* Release */ = {
			isa = XCBuildConfiguration;
			buildSettings = {
				ALWAYS_EMBED_SWIFT_STANDARD_LIBRARIES = YES;
				BUNDLE_LOADER = "$(TEST_HOST)";
				CODE_SIGN_STYLE = Automatic;
				INFOPLIST_FILE = UpDownGameTests/Info.plist;
				IPHONEOS_DEPLOYMENT_TARGET = 14.2;
				LD_RUNPATH_SEARCH_PATHS = (
					"$(inherited)",
					"@executable_path/Frameworks",
					"@loader_path/Frameworks",
				);
				PRODUCT_BUNDLE_IDENTIFIER = llim.UpDownGameTests;
				PRODUCT_NAME = "$(TARGET_NAME)";
				SWIFT_VERSION = 5.0;
				TARGETED_DEVICE_FAMILY = "1,2";
				TEST_HOST = "$(BUILT_PRODUCTS_DIR)/UpDownGame.app/UpDownGame";
			};
			name = Release;
		};
		4C290D6325680AFD00E2EDE7 /* Debug */ = {
			isa = XCBuildConfiguration;
			buildSettings = {
				ALWAYS_EMBED_SWIFT_STANDARD_LIBRARIES = YES;
				CODE_SIGN_STYLE = Automatic;
				INFOPLIST_FILE = UpDownGameUITests/Info.plist;
				LD_RUNPATH_SEARCH_PATHS = (
					"$(inherited)",
					"@executable_path/Frameworks",
					"@loader_path/Frameworks",
				);
				PRODUCT_BUNDLE_IDENTIFIER = llim.UpDownGameUITests;
				PRODUCT_NAME = "$(TARGET_NAME)";
				SWIFT_VERSION = 5.0;
				TARGETED_DEVICE_FAMILY = "1,2";
				TEST_TARGET_NAME = UpDownGame;
			};
			name = Debug;
		};
		4C290D6425680AFD00E2EDE7 /* Release */ = {
			isa = XCBuildConfiguration;
			buildSettings = {
				ALWAYS_EMBED_SWIFT_STANDARD_LIBRARIES = YES;
				CODE_SIGN_STYLE = Automatic;
				INFOPLIST_FILE = UpDownGameUITests/Info.plist;
				LD_RUNPATH_SEARCH_PATHS = (
					"$(inherited)",
					"@executable_path/Frameworks",
					"@loader_path/Frameworks",
				);
				PRODUCT_BUNDLE_IDENTIFIER = llim.UpDownGameUITests;
				PRODUCT_NAME = "$(TARGET_NAME)";
				SWIFT_VERSION = 5.0;
				TARGETED_DEVICE_FAMILY = "1,2";
				TEST_TARGET_NAME = UpDownGame;
			};
			name = Release;
		};
/* End XCBuildConfiguration section */

/* Begin XCConfigurationList section */
		4C290D2D25680AFC00E2EDE7 /* Build configuration list for PBXProject "UpDownGame" */ = {
			isa = XCConfigurationList;
			buildConfigurations = (
				4C290D5A25680AFD00E2EDE7 /* Debug */,
				4C290D5B25680AFD00E2EDE7 /* Release */,
			);
			defaultConfigurationIsVisible = 0;
			defaultConfigurationName = Release;
		};
		4C290D5C25680AFD00E2EDE7 /* Build configuration list for PBXNativeTarget "UpDownGame" */ = {
			isa = XCConfigurationList;
			buildConfigurations = (
				4C290D5D25680AFD00E2EDE7 /* Debug */,
				4C290D5E25680AFD00E2EDE7 /* Release */,
			);
			defaultConfigurationIsVisible = 0;
			defaultConfigurationName = Release;
		};
		4C290D5F25680AFD00E2EDE7 /* Build configuration list for PBXNativeTarget "UpDownGameTests" */ = {
			isa = XCConfigurationList;
			buildConfigurations = (
				4C290D6025680AFD00E2EDE7 /* Debug */,
				4C290D6125680AFD00E2EDE7 /* Release */,
			);
			defaultConfigurationIsVisible = 0;
			defaultConfigurationName = Release;
		};
		4C290D6225680AFD00E2EDE7 /* Build configuration list for PBXNativeTarget "UpDownGameUITests" */ = {
			isa = XCConfigurationList;
			buildConfigurations = (
				4C290D6325680AFD00E2EDE7 /* Debug */,
				4C290D6425680AFD00E2EDE7 /* Release */,
			);
			defaultConfigurationIsVisible = 0;
			defaultConfigurationName = Release;
		};
/* End XCConfigurationList section */
	};
	rootObject = 4C290D2A25680AFC00E2EDE7 /* Project object */;
}
